Microsoft Visual Studio Solution File, Format Version 12.00
# Visual Studio Version 17
VisualStudioVersion = 17.5.2.0
MinimumVisualStudioVersion = 10.0.40219.1
Project("{FAE04EC0-301F-11D3-BF4B-00C04F79EFBC}") = "Timorya.Application", "Timorya.Application.csproj", "{384BC533-59E0-3D12-4619-EA9D8E67CB0B}"
EndProject
Global
	GlobalSection(SolutionConfigurationPlatforms) = preSolution
		Debug|Any CPU = Debug|Any CPU
		Release|Any CPU = Release|Any CPU
	EndGlobalSection
	GlobalSection(ProjectConfigurationPlatforms) = postSolution
		{384BC533-59E0-3D12-4619-EA9D8E67CB0B}.Debug|Any CPU.ActiveCfg = Debug|Any CPU
		{384BC533-59E0-3D12-4619-EA9D8E67CB0B}.Debug|Any CPU.Build.0 = Debug|Any CPU
		{384BC533-59E0-3D12-4619-EA9D8E67CB0B}.Release|Any CPU.ActiveCfg = Release|Any CPU
		{384BC533-59E0-3D12-4619-EA9D8E67CB0B}.Release|Any CPU.Build.0 = Release|Any CPU
	EndGlobalSection
	GlobalSection(SolutionProperties) = preSolution
		HideSolutionNode = FALSE
	EndGlobalSection
	GlobalSection(ExtensibilityGlobals) = postSolution
		SolutionGuid = {382EC85D-60FF-4106-94B6-8B2771018BAB}
	EndGlobalSection
EndGlobal
