
Microsoft Visual Studio Solution File, Format Version 12.00
# Visual Studio Version 17
VisualStudioVersion = 17.0.31903.59
MinimumVisualStudioVersion = 10.0.40219.1
Project("{FAE04EC0-301F-11D3-BF4B-00C04F79EFBC}") = "TimeHub.Api", "TimeHub.Api\TimeHub.Api.csproj", "{40FE793D-2866-4D6E-85D5-8A4EA812EA37}"
EndProject
Project("{FAE04EC0-301F-11D3-BF4B-00C04F79EFBC}") = "TimeHub.Domain", "TimeHub.Domain\TimeHub.Domain.csproj", "{4AEC15CB-F5CF-47AE-9154-420120750356}"
EndProject
Project("{FAE04EC0-301F-11D3-BF4B-00C04F79EFBC}") = "TimeHub.Infrastructure", "TimeHub.Infrastructure\TimeHub.Infrastructure.csproj", "{56EBA6A5-8358-42CA-908A-887387469174}"
EndProject
Project("{FAE04EC0-301F-11D3-BF4B-00C04F79EFBC}") = "TimeHub.Application", "TimeHub.Application\TimeHub.Application.csproj", "{C899E863-8DD6-4BC8-B0A0-08ECD93B9C8A}"
EndProject
Global
	GlobalSection(SolutionConfigurationPlatforms) = preSolution
		Debug|Any CPU = Debug|Any CPU
		Release|Any CPU = Release|Any CPU
	EndGlobalSection
	GlobalSection(ProjectConfigurationPlatforms) = postSolution
		{40FE793D-2866-4D6E-85D5-8A4EA812EA37}.Debug|Any CPU.ActiveCfg = Debug|Any CPU
		{40FE793D-2866-4D6E-85D5-8A4EA812EA37}.Debug|Any CPU.Build.0 = Debug|Any CPU
		{40FE793D-2866-4D6E-85D5-8A4EA812EA37}.Release|Any CPU.ActiveCfg = Release|Any CPU
		{40FE793D-2866-4D6E-85D5-8A4EA812EA37}.Release|Any CPU.Build.0 = Release|Any CPU
		{4AEC15CB-F5CF-47AE-9154-420120750356}.Debug|Any CPU.ActiveCfg = Debug|Any CPU
		{4AEC15CB-F5CF-47AE-9154-420120750356}.Debug|Any CPU.Build.0 = Debug|Any CPU
		{4AEC15CB-F5CF-47AE-9154-420120750356}.Release|Any CPU.ActiveCfg = Release|Any CPU
		{4AEC15CB-F5CF-47AE-9154-420120750356}.Release|Any CPU.Build.0 = Release|Any CPU
		{56EBA6A5-8358-42CA-908A-887387469174}.Debug|Any CPU.ActiveCfg = Debug|Any CPU
		{56EBA6A5-8358-42CA-908A-887387469174}.Debug|Any CPU.Build.0 = Debug|Any CPU
		{56EBA6A5-8358-42CA-908A-887387469174}.Release|Any CPU.ActiveCfg = Release|Any CPU
		{56EBA6A5-8358-42CA-908A-887387469174}.Release|Any CPU.Build.0 = Release|Any CPU
		{C899E863-8DD6-4BC8-B0A0-08ECD93B9C8A}.Debug|Any CPU.ActiveCfg = Debug|Any CPU
		{C899E863-8DD6-4BC8-B0A0-08ECD93B9C8A}.Debug|Any CPU.Build.0 = Debug|Any CPU
		{C899E863-8DD6-4BC8-B0A0-08ECD93B9C8A}.Release|Any CPU.ActiveCfg = Release|Any CPU
		{C899E863-8DD6-4BC8-B0A0-08ECD93B9C8A}.Release|Any CPU.Build.0 = Release|Any CPU
	EndGlobalSection
	GlobalSection(SolutionProperties) = preSolution
		HideSolutionNode = FALSE
	EndGlobalSection
EndGlobal
