Microsoft Visual Studio Solution File, Format Version 12.00
# Visual Studio Version 17
VisualStudioVersion = 17.5.2.0
MinimumVisualStudioVersion = 10.0.40219.1
Project("{FAE04EC0-301F-11D3-BF4B-00C04F79EFBC}") = "Timorya.Domain", "Timorya.Domain.csproj", "{4AEC15CB-F5CF-47AE-9154-420120750356}"
EndProject
Global
	GlobalSection(SolutionConfigurationPlatforms) = preSolution
		Debug|Any CPU = Debug|Any CPU
		Release|Any CPU = Release|Any CPU
	EndGlobalSection
	GlobalSection(ProjectConfigurationPlatforms) = postSolution
		{4AEC15CB-F5CF-47AE-9154-420120750356}.Debug|Any CPU.ActiveCfg = Debug|Any CPU
		{4AEC15CB-F5CF-47AE-9154-420120750356}.Debug|Any CPU.Build.0 = Debug|Any CPU
		{4AEC15CB-F5CF-47AE-9154-420120750356}.Release|Any CPU.ActiveCfg = Release|Any CPU
		{4AEC15CB-F5CF-47AE-9154-420120750356}.Release|Any CPU.Build.0 = Release|Any CPU
	EndGlobalSection
	GlobalSection(SolutionProperties) = preSolution
		HideSolutionNode = FALSE
	EndGlobalSection
	GlobalSection(ExtensibilityGlobals) = postSolution
		SolutionGuid = {28404802-CCE7-4C03-A55A-1AF470305800}
	EndGlobalSection
EndGlobal
